
Microsoft Visual Studio Solution File, Format Version 12.00
# Visual Studio 15
VisualStudioVersion = 15.0.28307.779
MinimumVisualStudioVersion = 10.0.40219.1
Project("{9A19103F-16F7-4668-BE54-9A1E7A4F7556}") = "GenericClientWeb", "GenericClientWeb.csproj", "{C24378C2-941D-488A-AC7F-FF49701D91A7}"
EndProject
Global
	GlobalSection(SolutionConfigurationPlatforms) = preSolution
		Debug|Any CPU = Debug|Any CPU
		Release|Any CPU = Release|Any CPU
	EndGlobalSection
	GlobalSection(ProjectConfigurationPlatforms) = postSolution
		{C24378C2-941D-488A-AC7F-FF49701D91A7}.Debug|Any CPU.ActiveCfg = Debug|Any CPU
		{C24378C2-941D-488A-AC7F-FF49701D91A7}.Debug|Any CPU.Build.0 = Debug|Any CPU
		{C24378C2-941D-488A-AC7F-FF49701D91A7}.Release|Any CPU.ActiveCfg = Release|Any CPU
		{C24378C2-941D-488A-AC7F-FF49701D91A7}.Release|Any CPU.Build.0 = Release|Any CPU
	EndGlobalSection
	GlobalSection(SolutionProperties) = preSolution
		HideSolutionNode = FALSE
	EndGlobalSection
	GlobalSection(ExtensibilityGlobals) = postSolution
		SolutionGuid = {E74E0CCE-9AA1-46E0-AAC9-A7E42C719552}
	EndGlobalSection
EndGlobal
